
Microsoft Visual Studio Solution File, Format Version 12.00
# Visual Studio Version 17
VisualStudioVersion = 17.5.33424.131
MinimumVisualStudioVersion = 10.0.40219.1
Project("{FAE04EC0-301F-11D3-BF4B-00C04F79EFBC}") = "ExpenseManager", "ExpenseManager.csproj", "{FD268895-7162-485A-91E6-0A4E52578EFD}"
EndProject
Global
	GlobalSection(SolutionConfigurationPlatforms) = preSolution
		Debug|Any CPU = Debug|Any CPU
		Release|Any CPU = Release|Any CPU
	EndGlobalSection
	GlobalSection(ProjectConfigurationPlatforms) = postSolution
		{FD268895-7162-485A-91E6-0A4E52578EFD}.Debug|Any CPU.ActiveCfg = Debug|Any CPU
		{FD268895-7162-485A-91E6-0A4E52578EFD}.Debug|Any CPU.Build.0 = Debug|Any CPU
		{FD268895-7162-485A-91E6-0A4E52578EFD}.Release|Any CPU.ActiveCfg = Release|Any CPU
		{FD268895-7162-485A-91E6-0A4E52578EFD}.Release|Any CPU.Build.0 = Release|Any CPU
	EndGlobalSection
	GlobalSection(SolutionProperties) = preSolution
		HideSolutionNode = FALSE
	EndGlobalSection
	GlobalSection(ExtensibilityGlobals) = postSolution
		SolutionGuid = {409E5C73-14C1-4365-9DED-C7FBD85663D9}
	EndGlobalSection
EndGlobal
